// !$*UTF8*$!
{
	archiveVersion = 1;
	classes = {
	};
	objectVersion = 50;
	objects = {

/* Begin PBXBuildFile section */
		7AA7FCB4AF09CCA7760CAEA1 /* libPods-SomeBankModules.a in Frameworks */ = {isa = PBXBuildFile; fileRef = 947B54DD0BFD432A6F725BEB /* libPods-SomeBankModules.a */; };
		CD36497F233BD8930055E28F /* AppDelegate.m in Sources */ = {isa = PBXBuildFile; fileRef = CD36497E233BD8930055E28F /* AppDelegate.m */; };
		CD364982233BD8930055E28F /* MBRootViewController.m in Sources */ = {isa = PBXBuildFile; fileRef = CD364981233BD8930055E28F /* MBRootViewController.m */; };
		CD364984233BD8970055E28F /* Assets.xcassets in Resources */ = {isa = PBXBuildFile; fileRef = CD364983233BD8970055E28F /* Assets.xcassets */; };
		CD364987233BD8970055E28F /* LaunchScreen.storyboard in Resources */ = {isa = PBXBuildFile; fileRef = CD364985233BD8970055E28F /* LaunchScreen.storyboard */; };
		CD36498A233BD8970055E28F /* main.m in Sources */ = {isa = PBXBuildFile; fileRef = CD364989233BD8970055E28F /* main.m */; };
		CD3649A2233BDA220055E28F /* RegWasStartedAssembly.swift in Sources */ = {isa = PBXBuildFile; fileRef = CD364994233BDA220055E28F /* RegWasStartedAssembly.swift */; };
		CD3649A3233BDA220055E28F /* RegWasStartedViewOutput.swift in Sources */ = {isa = PBXBuildFile; fileRef = CD364996233BDA220055E28F /* RegWasStartedViewOutput.swift */; };
		CD3649A4233BDA220055E28F /* RegWasStartedInteractorOutput.swift in Sources */ = {isa = PBXBuildFile; fileRef = CD364997233BDA220055E28F /* RegWasStartedInteractorOutput.swift */; };
		CD3649A5233BDA220055E28F /* RegWasStartedPresenter.swift in Sources */ = {isa = PBXBuildFile; fileRef = CD364998233BDA220055E28F /* RegWasStartedPresenter.swift */; };
		CD3649A6233BDA220055E28F /* RegWasStartedModuleInput.swift in Sources */ = {isa = PBXBuildFile; fileRef = CD364999233BDA220055E28F /* RegWasStartedModuleInput.swift */; };
		CD3649A7233BDA220055E28F /* RegWasStartedViewController.swift in Sources */ = {isa = PBXBuildFile; fileRef = CD36499B233BDA220055E28F /* RegWasStartedViewController.swift */; };
		CD3649A8233BDA220055E28F /* RegWasStartedViewInput.swift in Sources */ = {isa = PBXBuildFile; fileRef = CD36499C233BDA220055E28F /* RegWasStartedViewInput.swift */; };
		CD3649A9233BDA220055E28F /* RegWasStartedInteractor.swift in Sources */ = {isa = PBXBuildFile; fileRef = CD36499E233BDA220055E28F /* RegWasStartedInteractor.swift */; };
		CD3649AA233BDA220055E28F /* RegWasStartedInteractorInput.swift in Sources */ = {isa = PBXBuildFile; fileRef = CD36499F233BDA220055E28F /* RegWasStartedInteractorInput.swift */; };
		CD3649AB233BDA220055E28F /* RegWasStartedRouter.swift in Sources */ = {isa = PBXBuildFile; fileRef = CD3649A1233BDA220055E28F /* RegWasStartedRouter.swift */; };
		CD3649D4233BDA340055E28F /* AuthPhoneAssembly.swift in Sources */ = {isa = PBXBuildFile; fileRef = CD3649AE233BDA340055E28F /* AuthPhoneAssembly.swift */; };
		CD3649D5233BDA340055E28F /* AuthPhoneViewOutput.swift in Sources */ = {isa = PBXBuildFile; fileRef = CD3649B0233BDA340055E28F /* AuthPhoneViewOutput.swift */; };
		CD3649D6233BDA340055E28F /* AuthPhoneInteractorOutput.swift in Sources */ = {isa = PBXBuildFile; fileRef = CD3649B1233BDA340055E28F /* AuthPhoneInteractorOutput.swift */; };
		CD3649D7233BDA340055E28F /* AuthPhoneModuleInput.swift in Sources */ = {isa = PBXBuildFile; fileRef = CD3649B2233BDA340055E28F /* AuthPhoneModuleInput.swift */; };
		CD3649D8233BDA340055E28F /* AuthPhonePresenter.swift in Sources */ = {isa = PBXBuildFile; fileRef = CD3649B3233BDA340055E28F /* AuthPhonePresenter.swift */; };
		CD3649D9233BDA340055E28F /* AuthData.swift in Sources */ = {isa = PBXBuildFile; fileRef = CD3649B7233BDA340055E28F /* AuthData.swift */; };
		CD3649DA233BDA340055E28F /* AuthPhoneViewController.swift in Sources */ = {isa = PBXBuildFile; fileRef = CD3649B9233BDA340055E28F /* AuthPhoneViewController.swift */; };
		CD3649DB233BDA340055E28F /* AuthPhoneViewInput.swift in Sources */ = {isa = PBXBuildFile; fileRef = CD3649BA233BDA340055E28F /* AuthPhoneViewInput.swift */; };
		CD3649DC233BDA340055E28F /* AuthPhoneTextFieldFormatter.swift in Sources */ = {isa = PBXBuildFile; fileRef = CD3649BB233BDA340055E28F /* AuthPhoneTextFieldFormatter.swift */; };
		CD3649DD233BDA340055E28F /* AuthPhoneInteractor.swift in Sources */ = {isa = PBXBuildFile; fileRef = CD3649BD233BDA340055E28F /* AuthPhoneInteractor.swift */; };
		CD3649DE233BDA340055E28F /* AuthPhoneInteractorInput.swift in Sources */ = {isa = PBXBuildFile; fileRef = CD3649BE233BDA340055E28F /* AuthPhoneInteractorInput.swift */; };
		CD3649DF233BDA340055E28F /* AuthPhoneRouter.swift in Sources */ = {isa = PBXBuildFile; fileRef = CD3649C0233BDA340055E28F /* AuthPhoneRouter.swift */; };
		CD3649E0233BDA340055E28F /* AuthSmsAssembly.swift in Sources */ = {isa = PBXBuildFile; fileRef = CD3649C3233BDA340055E28F /* AuthSmsAssembly.swift */; };
		CD3649E1233BDA340055E28F /* AuthSmsInteractorOutput.swift in Sources */ = {isa = PBXBuildFile; fileRef = CD3649C5233BDA340055E28F /* AuthSmsInteractorOutput.swift */; };
		CD3649E2233BDA340055E28F /* AuthSmsModuleInput.swift in Sources */ = {isa = PBXBuildFile; fileRef = CD3649C6233BDA340055E28F /* AuthSmsModuleInput.swift */; };
		CD3649E3233BDA340055E28F /* AuthSmsViewOutput.swift in Sources */ = {isa = PBXBuildFile; fileRef = CD3649C7233BDA340055E28F /* AuthSmsViewOutput.swift */; };
		CD3649E4233BDA340055E28F /* AuthSmsPresenter.swift in Sources */ = {isa = PBXBuildFile; fileRef = CD3649C8233BDA340055E28F /* AuthSmsPresenter.swift */; };
		CD3649E5233BDA340055E28F /* AuthSmsTextManager.swift in Sources */ = {isa = PBXBuildFile; fileRef = CD3649CA233BDA340055E28F /* AuthSmsTextManager.swift */; };
		CD3649E6233BDA340055E28F /* AuthSmsTextManagerProtocol.swift in Sources */ = {isa = PBXBuildFile; fileRef = CD3649CB233BDA340055E28F /* AuthSmsTextManagerProtocol.swift */; };
		CD3649E7233BDA340055E28F /* AuthSmsViewController.swift in Sources */ = {isa = PBXBuildFile; fileRef = CD3649CD233BDA340055E28F /* AuthSmsViewController.swift */; };
		CD3649E8233BDA340055E28F /* AuthSmsViewInput.swift in Sources */ = {isa = PBXBuildFile; fileRef = CD3649CE233BDA340055E28F /* AuthSmsViewInput.swift */; };
		CD3649E9233BDA340055E28F /* AuthSmsInteractorInput.swift in Sources */ = {isa = PBXBuildFile; fileRef = CD3649D0233BDA340055E28F /* AuthSmsInteractorInput.swift */; };
		CD3649EA233BDA340055E28F /* AuthSmsInteractor.swift in Sources */ = {isa = PBXBuildFile; fileRef = CD3649D1233BDA340055E28F /* AuthSmsInteractor.swift */; };
		CD3649EB233BDA340055E28F /* AuthSmsRouter.swift in Sources */ = {isa = PBXBuildFile; fileRef = CD3649D3233BDA340055E28F /* AuthSmsRouter.swift */; };
		CD3EE049233BE2C000EDEBA4 /* AuthV2Service.swift in Sources */ = {isa = PBXBuildFile; fileRef = CD3EE048233BE2C000EDEBA4 /* AuthV2Service.swift */; };
/* End PBXBuildFile section */

/* Begin PBXFileReference section */
		0FB388372F53570CE63661A4 /* Pods-SomeBankModules.release.xcconfig */ = {isa = PBXFileReference; includeInIndex = 1; lastKnownFileType = text.xcconfig; name = "Pods-SomeBankModules.release.xcconfig"; path = "Target Support Files/Pods-SomeBankModules/Pods-SomeBankModules.release.xcconfig"; sourceTree = "<group>"; };
		947B54DD0BFD432A6F725BEB /* libPods-SomeBankModules.a */ = {isa = PBXFileReference; explicitFileType = archive.ar; includeInIndex = 0; path = "libPods-SomeBankModules.a"; sourceTree = BUILT_PRODUCTS_DIR; };
		CD36497A233BD8930055E28F /* SomeBankModules.app */ = {isa = PBXFileReference; explicitFileType = wrapper.application; includeInIndex = 0; path = SomeBankModules.app; sourceTree = BUILT_PRODUCTS_DIR; };
		CD36497D233BD8930055E28F /* AppDelegate.h */ = {isa = PBXFileReference; lastKnownFileType = sourcecode.c.h; path = AppDelegate.h; sourceTree = "<group>"; };
		CD36497E233BD8930055E28F /* AppDelegate.m */ = {isa = PBXFileReference; lastKnownFileType = sourcecode.c.objc; path = AppDelegate.m; sourceTree = "<group>"; };
		CD364980233BD8930055E28F /* MBRootViewController.h */ = {isa = PBXFileReference; lastKnownFileType = sourcecode.c.h; path = MBRootViewController.h; sourceTree = "<group>"; };
		CD364981233BD8930055E28F /* MBRootViewController.m */ = {isa = PBXFileReference; lastKnownFileType = sourcecode.c.objc; path = MBRootViewController.m; sourceTree = "<group>"; };
		CD364983233BD8970055E28F /* Assets.xcassets */ = {isa = PBXFileReference; lastKnownFileType = folder.assetcatalog; path = Assets.xcassets; sourceTree = "<group>"; };
		CD364986233BD8970055E28F /* Base */ = {isa = PBXFileReference; lastKnownFileType = file.storyboard; name = Base; path = Base.lproj/LaunchScreen.storyboard; sourceTree = "<group>"; };
		CD364988233BD8970055E28F /* Info.plist */ = {isa = PBXFileReference; lastKnownFileType = text.plist.xml; path = Info.plist; sourceTree = "<group>"; };
		CD364989233BD8970055E28F /* main.m */ = {isa = PBXFileReference; lastKnownFileType = sourcecode.c.objc; path = main.m; sourceTree = "<group>"; };
		CD364994233BDA220055E28F /* RegWasStartedAssembly.swift */ = {isa = PBXFileReference; fileEncoding = 4; lastKnownFileType = sourcecode.swift; path = RegWasStartedAssembly.swift; sourceTree = "<group>"; };
		CD364996233BDA220055E28F /* RegWasStartedViewOutput.swift */ = {isa = PBXFileReference; fileEncoding = 4; lastKnownFileType = sourcecode.swift; path = RegWasStartedViewOutput.swift; sourceTree = "<group>"; };
		CD364997233BDA220055E28F /* RegWasStartedInteractorOutput.swift */ = {isa = PBXFileReference; fileEncoding = 4; lastKnownFileType = sourcecode.swift; path = RegWasStartedInteractorOutput.swift; sourceTree = "<group>"; };
		CD364998233BDA220055E28F /* RegWasStartedPresenter.swift */ = {isa = PBXFileReference; fileEncoding = 4; lastKnownFileType = sourcecode.swift; path = RegWasStartedPresenter.swift; sourceTree = "<group>"; };
		CD364999233BDA220055E28F /* RegWasStartedModuleInput.swift */ = {isa = PBXFileReference; fileEncoding = 4; lastKnownFileType = sourcecode.swift; path = RegWasStartedModuleInput.swift; sourceTree = "<group>"; };
		CD36499B233BDA220055E28F /* RegWasStartedViewController.swift */ = {isa = PBXFileReference; fileEncoding = 4; lastKnownFileType = sourcecode.swift; path = RegWasStartedViewController.swift; sourceTree = "<group>"; };
		CD36499C233BDA220055E28F /* RegWasStartedViewInput.swift */ = {isa = PBXFileReference; fileEncoding = 4; lastKnownFileType = sourcecode.swift; path = RegWasStartedViewInput.swift; sourceTree = "<group>"; };
		CD36499E233BDA220055E28F /* RegWasStartedInteractor.swift */ = {isa = PBXFileReference; fileEncoding = 4; lastKnownFileType = sourcecode.swift; path = RegWasStartedInteractor.swift; sourceTree = "<group>"; };
		CD36499F233BDA220055E28F /* RegWasStartedInteractorInput.swift */ = {isa = PBXFileReference; fileEncoding = 4; lastKnownFileType = sourcecode.swift; path = RegWasStartedInteractorInput.swift; sourceTree = "<group>"; };
		CD3649A1233BDA220055E28F /* RegWasStartedRouter.swift */ = {isa = PBXFileReference; fileEncoding = 4; lastKnownFileType = sourcecode.swift; path = RegWasStartedRouter.swift; sourceTree = "<group>"; };
		CD3649AE233BDA340055E28F /* AuthPhoneAssembly.swift */ = {isa = PBXFileReference; fileEncoding = 4; lastKnownFileType = sourcecode.swift; path = AuthPhoneAssembly.swift; sourceTree = "<group>"; };
		CD3649B0233BDA340055E28F /* AuthPhoneViewOutput.swift */ = {isa = PBXFileReference; fileEncoding = 4; lastKnownFileType = sourcecode.swift; path = AuthPhoneViewOutput.swift; sourceTree = "<group>"; };
		CD3649B1233BDA340055E28F /* AuthPhoneInteractorOutput.swift */ = {isa = PBXFileReference; fileEncoding = 4; lastKnownFileType = sourcecode.swift; path = AuthPhoneInteractorOutput.swift; sourceTree = "<group>"; };
		CD3649B2233BDA340055E28F /* AuthPhoneModuleInput.swift */ = {isa = PBXFileReference; fileEncoding = 4; lastKnownFileType = sourcecode.swift; path = AuthPhoneModuleInput.swift; sourceTree = "<group>"; };
		CD3649B3233BDA340055E28F /* AuthPhonePresenter.swift */ = {isa = PBXFileReference; fileEncoding = 4; lastKnownFileType = sourcecode.swift; path = AuthPhonePresenter.swift; sourceTree = "<group>"; };
		CD3649B7233BDA340055E28F /* AuthData.swift */ = {isa = PBXFileReference; fileEncoding = 4; lastKnownFileType = sourcecode.swift; path = AuthData.swift; sourceTree = "<group>"; };
		CD3649B9233BDA340055E28F /* AuthPhoneViewController.swift */ = {isa = PBXFileReference; fileEncoding = 4; lastKnownFileType = sourcecode.swift; path = AuthPhoneViewController.swift; sourceTree = "<group>"; };
		CD3649BA233BDA340055E28F /* AuthPhoneViewInput.swift */ = {isa = PBXFileReference; fileEncoding = 4; lastKnownFileType = sourcecode.swift; path = AuthPhoneViewInput.swift; sourceTree = "<group>"; };
		CD3649BB233BDA340055E28F /* AuthPhoneTextFieldFormatter.swift */ = {isa = PBXFileReference; fileEncoding = 4; lastKnownFileType = sourcecode.swift; path = AuthPhoneTextFieldFormatter.swift; sourceTree = "<group>"; };
		CD3649BD233BDA340055E28F /* AuthPhoneInteractor.swift */ = {isa = PBXFileReference; fileEncoding = 4; lastKnownFileType = sourcecode.swift; path = AuthPhoneInteractor.swift; sourceTree = "<group>"; };
		CD3649BE233BDA340055E28F /* AuthPhoneInteractorInput.swift */ = {isa = PBXFileReference; fileEncoding = 4; lastKnownFileType = sourcecode.swift; path = AuthPhoneInteractorInput.swift; sourceTree = "<group>"; };
		CD3649C0233BDA340055E28F /* AuthPhoneRouter.swift */ = {isa = PBXFileReference; fileEncoding = 4; lastKnownFileType = sourcecode.swift; path = AuthPhoneRouter.swift; sourceTree = "<group>"; };
		CD3649C3233BDA340055E28F /* AuthSmsAssembly.swift */ = {isa = PBXFileReference; fileEncoding = 4; lastKnownFileType = sourcecode.swift; path = AuthSmsAssembly.swift; sourceTree = "<group>"; };
		CD3649C5233BDA340055E28F /* AuthSmsInteractorOutput.swift */ = {isa = PBXFileReference; fileEncoding = 4; lastKnownFileType = sourcecode.swift; path = AuthSmsInteractorOutput.swift; sourceTree = "<group>"; };
		CD3649C6233BDA340055E28F /* AuthSmsModuleInput.swift */ = {isa = PBXFileReference; fileEncoding = 4; lastKnownFileType = sourcecode.swift; path = AuthSmsModuleInput.swift; sourceTree = "<group>"; };
		CD3649C7233BDA340055E28F /* AuthSmsViewOutput.swift */ = {isa = PBXFileReference; fileEncoding = 4; lastKnownFileType = sourcecode.swift; path = AuthSmsViewOutput.swift; sourceTree = "<group>"; };
		CD3649C8233BDA340055E28F /* AuthSmsPresenter.swift */ = {isa = PBXFileReference; fileEncoding = 4; lastKnownFileType = sourcecode.swift; path = AuthSmsPresenter.swift; sourceTree = "<group>"; };
		CD3649CA233BDA340055E28F /* AuthSmsTextManager.swift */ = {isa = PBXFileReference; fileEncoding = 4; lastKnownFileType = sourcecode.swift; path = AuthSmsTextManager.swift; sourceTree = "<group>"; };
		CD3649CB233BDA340055E28F /* AuthSmsTextManagerProtocol.swift */ = {isa = PBXFileReference; fileEncoding = 4; lastKnownFileType = sourcecode.swift; path = AuthSmsTextManagerProtocol.swift; sourceTree = "<group>"; };
		CD3649CD233BDA340055E28F /* AuthSmsViewController.swift */ = {isa = PBXFileReference; fileEncoding = 4; lastKnownFileType = sourcecode.swift; path = AuthSmsViewController.swift; sourceTree = "<group>"; };
		CD3649CE233BDA340055E28F /* AuthSmsViewInput.swift */ = {isa = PBXFileReference; fileEncoding = 4; lastKnownFileType = sourcecode.swift; path = AuthSmsViewInput.swift; sourceTree = "<group>"; };
		CD3649D0233BDA340055E28F /* AuthSmsInteractorInput.swift */ = {isa = PBXFileReference; fileEncoding = 4; lastKnownFileType = sourcecode.swift; path = AuthSmsInteractorInput.swift; sourceTree = "<group>"; };
		CD3649D1233BDA340055E28F /* AuthSmsInteractor.swift */ = {isa = PBXFileReference; fileEncoding = 4; lastKnownFileType = sourcecode.swift; path = AuthSmsInteractor.swift; sourceTree = "<group>"; };
		CD3649D3233BDA340055E28F /* AuthSmsRouter.swift */ = {isa = PBXFileReference; fileEncoding = 4; lastKnownFileType = sourcecode.swift; path = AuthSmsRouter.swift; sourceTree = "<group>"; };
		CD3EE048233BE2C000EDEBA4 /* AuthV2Service.swift */ = {isa = PBXFileReference; fileEncoding = 4; lastKnownFileType = sourcecode.swift; path = AuthV2Service.swift; sourceTree = "<group>"; };
		ED76F03E134924AE7F9F4793 /* Pods-SomeBankModules.debug.xcconfig */ = {isa = PBXFileReference; includeInIndex = 1; lastKnownFileType = text.xcconfig; name = "Pods-SomeBankModules.debug.xcconfig"; path = "Target Support Files/Pods-SomeBankModules/Pods-SomeBankModules.debug.xcconfig"; sourceTree = "<group>"; };
/* End PBXFileReference section */

/* Begin PBXFrameworksBuildPhase section */
		CD364977233BD8930055E28F /* Frameworks */ = {
			isa = PBXFrameworksBuildPhase;
			buildActionMask = 2147483647;
			files = (
				7AA7FCB4AF09CCA7760CAEA1 /* libPods-SomeBankModules.a in Frameworks */,
			);
			runOnlyForDeploymentPostprocessing = 0;
		};
/* End PBXFrameworksBuildPhase section */

/* Begin PBXGroup section */
		337B59D76C87ACC17864DC1B /* Frameworks */ = {
			isa = PBXGroup;
			children = (
				947B54DD0BFD432A6F725BEB /* libPods-SomeBankModules.a */,
			);
			name = Frameworks;
			sourceTree = "<group>";
		};
		B94DCDB34D939EE1FC7F75AE /* Pods */ = {
			isa = PBXGroup;
			children = (
				ED76F03E134924AE7F9F4793 /* Pods-SomeBankModules.debug.xcconfig */,
				0FB388372F53570CE63661A4 /* Pods-SomeBankModules.release.xcconfig */,
			);
			path = Pods;
			sourceTree = "<group>";
		};
		CD364971233BD8930055E28F = {
			isa = PBXGroup;
			children = (
				CD36497C233BD8930055E28F /* SomeBankModules */,
				CD36497B233BD8930055E28F /* Products */,
				B94DCDB34D939EE1FC7F75AE /* Pods */,
				337B59D76C87ACC17864DC1B /* Frameworks */,
			);
			sourceTree = "<group>";
		};
		CD36497B233BD8930055E28F /* Products */ = {
			isa = PBXGroup;
			children = (
				CD36497A233BD8930055E28F /* SomeBankModules.app */,
			);
			name = Products;
			sourceTree = "<group>";
		};
		CD36497C233BD8930055E28F /* SomeBankModules */ = {
			isa = PBXGroup;
			children = (
				CD3EE046233BE2B200EDEBA4 /* BusinessLogicLayer */,
				CD364990233BD8A00055E28F /* Swift */,
				CD36497D233BD8930055E28F /* AppDelegate.h */,
				CD36497E233BD8930055E28F /* AppDelegate.m */,
				CD364980233BD8930055E28F /* MBRootViewController.h */,
				CD364981233BD8930055E28F /* MBRootViewController.m */,
				CD364983233BD8970055E28F /* Assets.xcassets */,
				CD364985233BD8970055E28F /* LaunchScreen.storyboard */,
				CD364988233BD8970055E28F /* Info.plist */,
				CD364989233BD8970055E28F /* main.m */,
			);
			path = SomeBankModules;
			sourceTree = "<group>";
		};
		CD364990233BD8A00055E28F /* Swift */ = {
			isa = PBXGroup;
			children = (
				CD364991233BD8AF0055E28F /* PresentationLayers */,
			);
			path = Swift;
			sourceTree = "<group>";
		};
		CD364991233BD8AF0055E28F /* PresentationLayers */ = {
			isa = PBXGroup;
			children = (
				CD3649AC233BDA340055E28F /* AuthPhone */,
				CD3649C1233BDA340055E28F /* AuthSms */,
				CD364992233BDA220055E28F /* RegWasStarted */,
			);
			path = PresentationLayers;
			sourceTree = "<group>";
		};
		CD364992233BDA220055E28F /* RegWasStarted */ = {
			isa = PBXGroup;
			children = (
				CD364993233BDA220055E28F /* Assembly */,
				CD364995233BDA220055E28F /* Presenter */,
				CD36499A233BDA220055E28F /* View */,
				CD36499D233BDA220055E28F /* Interactor */,
				CD3649A0233BDA220055E28F /* Router */,
			);
			path = RegWasStarted;
			sourceTree = "<group>";
		};
		CD364993233BDA220055E28F /* Assembly */ = {
			isa = PBXGroup;
			children = (
				CD364994233BDA220055E28F /* RegWasStartedAssembly.swift */,
			);
			path = Assembly;
			sourceTree = "<group>";
		};
		CD364995233BDA220055E28F /* Presenter */ = {
			isa = PBXGroup;
			children = (
				CD364996233BDA220055E28F /* RegWasStartedViewOutput.swift */,
				CD364997233BDA220055E28F /* RegWasStartedInteractorOutput.swift */,
				CD364998233BDA220055E28F /* RegWasStartedPresenter.swift */,
				CD364999233BDA220055E28F /* RegWasStartedModuleInput.swift */,
			);
			path = Presenter;
			sourceTree = "<group>";
		};
		CD36499A233BDA220055E28F /* View */ = {
			isa = PBXGroup;
			children = (
				CD36499B233BDA220055E28F /* RegWasStartedViewController.swift */,
				CD36499C233BDA220055E28F /* RegWasStartedViewInput.swift */,
			);
			path = View;
			sourceTree = "<group>";
		};
		CD36499D233BDA220055E28F /* Interactor */ = {
			isa = PBXGroup;
			children = (
				CD36499E233BDA220055E28F /* RegWasStartedInteractor.swift */,
				CD36499F233BDA220055E28F /* RegWasStartedInteractorInput.swift */,
			);
			path = Interactor;
			sourceTree = "<group>";
		};
		CD3649A0233BDA220055E28F /* Router */ = {
			isa = PBXGroup;
			children = (
				CD3649A1233BDA220055E28F /* RegWasStartedRouter.swift */,
			);
			path = Router;
			sourceTree = "<group>";
		};
		CD3649AC233BDA340055E28F /* AuthPhone */ = {
			isa = PBXGroup;
			children = (
				CD3649AD233BDA340055E28F /* Assembly */,
				CD3649AF233BDA340055E28F /* Presenter */,
				CD3649B6233BDA340055E28F /* Model */,
				CD3649B8233BDA340055E28F /* View */,
				CD3649BC233BDA340055E28F /* Interactor */,
				CD3649BF233BDA340055E28F /* Router */,
			);
			path = AuthPhone;
			sourceTree = "<group>";
		};
		CD3649AD233BDA340055E28F /* Assembly */ = {
			isa = PBXGroup;
			children = (
				CD3649AE233BDA340055E28F /* AuthPhoneAssembly.swift */,
			);
			path = Assembly;
			sourceTree = "<group>";
		};
		CD3649AF233BDA340055E28F /* Presenter */ = {
			isa = PBXGroup;
			children = (
				CD3649B0233BDA340055E28F /* AuthPhoneViewOutput.swift */,
				CD3649B1233BDA340055E28F /* AuthPhoneInteractorOutput.swift */,
				CD3649B2233BDA340055E28F /* AuthPhoneModuleInput.swift */,
				CD3649B3233BDA340055E28F /* AuthPhonePresenter.swift */,
			);
			path = Presenter;
			sourceTree = "<group>";
		};
		CD3649B6233BDA340055E28F /* Model */ = {
			isa = PBXGroup;
			children = (
				CD3649B7233BDA340055E28F /* AuthData.swift */,
			);
			path = Model;
			sourceTree = "<group>";
		};
		CD3649B8233BDA340055E28F /* View */ = {
			isa = PBXGroup;
			children = (
				CD3649B9233BDA340055E28F /* AuthPhoneViewController.swift */,
				CD3649BA233BDA340055E28F /* AuthPhoneViewInput.swift */,
				CD3649BB233BDA340055E28F /* AuthPhoneTextFieldFormatter.swift */,
			);
			path = View;
			sourceTree = "<group>";
		};
		CD3649BC233BDA340055E28F /* Interactor */ = {
			isa = PBXGroup;
			children = (
				CD3649BD233BDA340055E28F /* AuthPhoneInteractor.swift */,
				CD3649BE233BDA340055E28F /* AuthPhoneInteractorInput.swift */,
			);
			path = Interactor;
			sourceTree = "<group>";
		};
		CD3649BF233BDA340055E28F /* Router */ = {
			isa = PBXGroup;
			children = (
				CD3649C0233BDA340055E28F /* AuthPhoneRouter.swift */,
			);
			path = Router;
			sourceTree = "<group>";
		};
		CD3649C1233BDA340055E28F /* AuthSms */ = {
			isa = PBXGroup;
			children = (
				CD3649C2233BDA340055E28F /* Assembly */,
				CD3649C4233BDA340055E28F /* Presenter */,
				CD3649C9233BDA340055E28F /* TextManager */,
				CD3649CC233BDA340055E28F /* View */,
				CD3649CF233BDA340055E28F /* Interactor */,
				CD3649D2233BDA340055E28F /* Router */,
			);
			path = AuthSms;
			sourceTree = "<group>";
		};
		CD3649C2233BDA340055E28F /* Assembly */ = {
			isa = PBXGroup;
			children = (
				CD3649C3233BDA340055E28F /* AuthSmsAssembly.swift */,
			);
			path = Assembly;
			sourceTree = "<group>";
		};
		CD3649C4233BDA340055E28F /* Presenter */ = {
			isa = PBXGroup;
			children = (
				CD3649C5233BDA340055E28F /* AuthSmsInteractorOutput.swift */,
				CD3649C6233BDA340055E28F /* AuthSmsModuleInput.swift */,
				CD3649C7233BDA340055E28F /* AuthSmsViewOutput.swift */,
				CD3649C8233BDA340055E28F /* AuthSmsPresenter.swift */,
			);
			path = Presenter;
			sourceTree = "<group>";
		};
		CD3649C9233BDA340055E28F /* TextManager */ = {
			isa = PBXGroup;
			children = (
				CD3649CA233BDA340055E28F /* AuthSmsTextManager.swift */,
				CD3649CB233BDA340055E28F /* AuthSmsTextManagerProtocol.swift */,
			);
			path = TextManager;
			sourceTree = "<group>";
		};
		CD3649CC233BDA340055E28F /* View */ = {
			isa = PBXGroup;
			children = (
				CD3649CD233BDA340055E28F /* AuthSmsViewController.swift */,
				CD3649CE233BDA340055E28F /* AuthSmsViewInput.swift */,
			);
			path = View;
			sourceTree = "<group>";
		};
		CD3649CF233BDA340055E28F /* Interactor */ = {
			isa = PBXGroup;
			children = (
				CD3649D0233BDA340055E28F /* AuthSmsInteractorInput.swift */,
				CD3649D1233BDA340055E28F /* AuthSmsInteractor.swift */,
			);
			path = Interactor;
			sourceTree = "<group>";
		};
		CD3649D2233BDA340055E28F /* Router */ = {
			isa = PBXGroup;
			children = (
				CD3649D3233BDA340055E28F /* AuthSmsRouter.swift */,
			);
			path = Router;
			sourceTree = "<group>";
		};
		CD3EE046233BE2B200EDEBA4 /* BusinessLogicLayer */ = {
			isa = PBXGroup;
			children = (
				CD3EE047233BE2C000EDEBA4 /* Auth2Service */,
			);
			path = BusinessLogicLayer;
			sourceTree = "<group>";
		};
		CD3EE047233BE2C000EDEBA4 /* Auth2Service */ = {
			isa = PBXGroup;
			children = (
				CD3EE048233BE2C000EDEBA4 /* AuthV2Service.swift */,
			);
			path = Auth2Service;
			sourceTree = "<group>";
		};
/* End PBXGroup section */

/* Begin PBXNativeTarget section */
		CD364979233BD8930055E28F /* SomeBankModules */ = {
			isa = PBXNativeTarget;
			buildConfigurationList = CD36498D233BD8970055E28F /* Build configuration list for PBXNativeTarget "SomeBankModules" */;
			buildPhases = (
				772B68C656AE5CB8B72D5FEB /* [CP] Check Pods Manifest.lock */,
				CD364976233BD8930055E28F /* Sources */,
				CD364977233BD8930055E28F /* Frameworks */,
				CD364978233BD8930055E28F /* Resources */,
			);
			buildRules = (
			);
			dependencies = (
			);
			name = SomeBankModules;
			productName = SomeBankModules;
			productReference = CD36497A233BD8930055E28F /* SomeBankModules.app */;
			productType = "com.apple.product-type.application";
		};
/* End PBXNativeTarget section */

/* Begin PBXProject section */
		CD364972233BD8930055E28F /* Project object */ = {
			isa = PBXProject;
			attributes = {
				LastUpgradeCheck = 1030;
				ORGANIZATIONNAME = "Paul Vasilenko";
				TargetAttributes = {
					CD364979233BD8930055E28F = {
						CreatedOnToolsVersion = 10.3;
					};
				};
			};
			buildConfigurationList = CD364975233BD8930055E28F /* Build configuration list for PBXProject "SomeBankModules" */;
			compatibilityVersion = "Xcode 9.3";
			developmentRegion = en;
			hasScannedForEncodings = 0;
			knownRegions = (
				en,
				Base,
			);
			mainGroup = CD364971233BD8930055E28F;
			productRefGroup = CD36497B233BD8930055E28F /* Products */;
			projectDirPath = "";
			projectRoot = "";
			targets = (
				CD364979233BD8930055E28F /* SomeBankModules */,
			);
		};
/* End PBXProject section */

/* Begin PBXResourcesBuildPhase section */
		CD364978233BD8930055E28F /* Resources */ = {
			isa = PBXResourcesBuildPhase;
			buildActionMask = 2147483647;
			files = (
				CD364984233BD8970055E28F /* Assets.xcassets in Resources */,
				CD364987233BD8970055E28F /* LaunchScreen.storyboard in Resources */,
			);
			runOnlyForDeploymentPostprocessing = 0;
		};
/* End PBXResourcesBuildPhase section */

/* Begin PBXShellScriptBuildPhase section */
		772B68C656AE5CB8B72D5FEB /* [CP] Check Pods Manifest.lock */ = {
			isa = PBXShellScriptBuildPhase;
			buildActionMask = 2147483647;
			files = (
			);
			inputFileListPaths = (
			);
			inputPaths = (
				"${PODS_PODFILE_DIR_PATH}/Podfile.lock",
				"${PODS_ROOT}/Manifest.lock",
			);
			name = "[CP] Check Pods Manifest.lock";
			outputFileListPaths = (
			);
			outputPaths = (
				"$(DERIVED_FILE_DIR)/Pods-SomeBankModules-checkManifestLockResult.txt",
			);
			runOnlyForDeploymentPostprocessing = 0;
			shellPath = /bin/sh;
			shellScript = "diff \"${PODS_PODFILE_DIR_PATH}/Podfile.lock\" \"${PODS_ROOT}/Manifest.lock\" > /dev/null\nif [ $? != 0 ] ; then\n    # print error to STDERR\n    echo \"error: The sandbox is not in sync with the Podfile.lock. Run 'pod install' or update your CocoaPods installation.\" >&2\n    exit 1\nfi\n# This output is used by Xcode 'outputs' to avoid re-running this script phase.\necho \"SUCCESS\" > \"${SCRIPT_OUTPUT_FILE_0}\"\n";
			showEnvVarsInLog = 0;
		};
/* End PBXShellScriptBuildPhase section */

/* Begin PBXSourcesBuildPhase section */
		CD364976233BD8930055E28F /* Sources */ = {
			isa = PBXSourcesBuildPhase;
			buildActionMask = 2147483647;
			files = (
				CD3649E3233BDA340055E28F /* AuthSmsViewOutput.swift in Sources */,
				CD3649AA233BDA220055E28F /* RegWasStartedInteractorInput.swift in Sources */,
				CD36497F233BD8930055E28F /* AppDelegate.m in Sources */,
				CD3649DB233BDA340055E28F /* AuthPhoneViewInput.swift in Sources */,
				CD3649E6233BDA340055E28F /* AuthSmsTextManagerProtocol.swift in Sources */,
				CD3649D6233BDA340055E28F /* AuthPhoneInteractorOutput.swift in Sources */,
				CD3649D4233BDA340055E28F /* AuthPhoneAssembly.swift in Sources */,
				CD3649E0233BDA340055E28F /* AuthSmsAssembly.swift in Sources */,
				CD3649DC233BDA340055E28F /* AuthPhoneTextFieldFormatter.swift in Sources */,
				CD36498A233BD8970055E28F /* main.m in Sources */,
				CD3649E5233BDA340055E28F /* AuthSmsTextManager.swift in Sources */,
				CD3649A5233BDA220055E28F /* RegWasStartedPresenter.swift in Sources */,
				CD3649DE233BDA340055E28F /* AuthPhoneInteractorInput.swift in Sources */,
				CD3649A2233BDA220055E28F /* RegWasStartedAssembly.swift in Sources */,
				CD3649DA233BDA340055E28F /* AuthPhoneViewController.swift in Sources */,
				CD3EE049233BE2C000EDEBA4 /* AuthV2Service.swift in Sources */,
				CD3649A7233BDA220055E28F /* RegWasStartedViewController.swift in Sources */,
				CD3649D9233BDA340055E28F /* AuthData.swift in Sources */,
				CD3649E2233BDA340055E28F /* AuthSmsModuleInput.swift in Sources */,
				CD364982233BD8930055E28F /* MBRootViewController.m in Sources */,
				CD3649A9233BDA220055E28F /* RegWasStartedInteractor.swift in Sources */,
				CD3649D5233BDA340055E28F /* AuthPhoneViewOutput.swift in Sources */,
				CD3649DD233BDA340055E28F /* AuthPhoneInteractor.swift in Sources */,
				CD3649D8233BDA340055E28F /* AuthPhonePresenter.swift in Sources */,
				CD3649AB233BDA220055E28F /* RegWasStartedRouter.swift in Sources */,
				CD3649A4233BDA220055E28F /* RegWasStartedInteractorOutput.swift in Sources */,
				CD3649D7233BDA340055E28F /* AuthPhoneModuleInput.swift in Sources */,
				CD3649DF233BDA340055E28F /* AuthPhoneRouter.swift in Sources */,
				CD3649EB233BDA340055E28F /* AuthSmsRouter.swift in Sources */,
				CD3649A3233BDA220055E28F /* RegWasStartedViewOutput.swift in Sources */,
				CD3649E7233BDA340055E28F /* AuthSmsViewController.swift in Sources */,
				CD3649E4233BDA340055E28F /* AuthSmsPresenter.swift in Sources */,
				CD3649A8233BDA220055E28F /* RegWasStartedViewInput.swift in Sources */,
				CD3649A6233BDA220055E28F /* RegWasStartedModuleInput.swift in Sources */,
				CD3649E1233BDA340055E28F /* AuthSmsInteractorOutput.swift in Sources */,
				CD3649E8233BDA340055E28F /* AuthSmsViewInput.swift in Sources */,
				CD3649EA233BDA340055E28F /* AuthSmsInteractor.swift in Sources */,
				CD3649E9233BDA340055E28F /* AuthSmsInteractorInput.swift in Sources */,
			);
			runOnlyForDeploymentPostprocessing = 0;
		};
/* End PBXSourcesBuildPhase section */

/* Begin PBXVariantGroup section */
		CD364985233BD8970055E28F /* LaunchScreen.storyboard */ = {
			isa = PBXVariantGroup;
			children = (
				CD364986233BD8970055E28F /* Base */,
			);
			name = LaunchScreen.storyboard;
			sourceTree = "<group>";
		};
/* End PBXVariantGroup section */

/* Begin XCBuildConfiguration section */
		CD36498B233BD8970055E28F /* Debug */ = {
			isa = XCBuildConfiguration;
			buildSettings = {
				ALWAYS_SEARCH_USER_PATHS = NO;
				CLANG_ANALYZER_NONNULL = YES;
				CLANG_ANALYZER_NUMBER_OBJECT_CONVERSION = YES_AGGRESSIVE;
				CLANG_CXX_LANGUAGE_STANDARD = "gnu++14";
				CLANG_CXX_LIBRARY = "libc++";
				CLANG_ENABLE_MODULES = YES;
				CLANG_ENABLE_OBJC_ARC = YES;
				CLANG_ENABLE_OBJC_WEAK = YES;
				CLANG_WARN_BLOCK_CAPTURE_AUTORELEASING = YES;
				CLANG_WARN_BOOL_CONVERSION = YES;
				CLANG_WARN_COMMA = YES;
				CLANG_WARN_CONSTANT_CONVERSION = YES;
				CLANG_WARN_DEPRECATED_OBJC_IMPLEMENTATIONS = YES;
				CLANG_WARN_DIRECT_OBJC_ISA_USAGE = YES_ERROR;
				CLANG_WARN_DOCUMENTATION_COMMENTS = YES;
				CLANG_WARN_EMPTY_BODY = YES;
				CLANG_WARN_ENUM_CONVERSION = YES;
				CLANG_WARN_INFINITE_RECURSION = YES;
				CLANG_WARN_INT_CONVERSION = YES;
				CLANG_WARN_NON_LITERAL_NULL_CONVERSION = YES;
				CLANG_WARN_OBJC_IMPLICIT_RETAIN_SELF = YES;
				CLANG_WARN_OBJC_LITERAL_CONVERSION = YES;
				CLANG_WARN_OBJC_ROOT_CLASS = YES_ERROR;
				CLANG_WARN_RANGE_LOOP_ANALYSIS = YES;
				CLANG_WARN_STRICT_PROTOTYPES = YES;
				CLANG_WARN_SUSPICIOUS_MOVE = YES;
				CLANG_WARN_UNGUARDED_AVAILABILITY = YES_AGGRESSIVE;
				CLANG_WARN_UNREACHABLE_CODE = YES;
				CLANG_WARN__DUPLICATE_METHOD_MATCH = YES;
				CODE_SIGN_IDENTITY = "iPhone Developer";
				COPY_PHASE_STRIP = NO;
				DEBUG_INFORMATION_FORMAT = dwarf;
				ENABLE_STRICT_OBJC_MSGSEND = YES;
				ENABLE_TESTABILITY = YES;
				GCC_C_LANGUAGE_STANDARD = gnu11;
				GCC_DYNAMIC_NO_PIC = NO;
				GCC_NO_COMMON_BLOCKS = YES;
				GCC_OPTIMIZATION_LEVEL = 0;
				GCC_PREPROCESSOR_DEFINITIONS = (
					"DEBUG=1",
					"$(inherited)",
				);
				GCC_WARN_64_TO_32_BIT_CONVERSION = YES;
				GCC_WARN_ABOUT_RETURN_TYPE = YES_ERROR;
				GCC_WARN_UNDECLARED_SELECTOR = YES;
				GCC_WARN_UNINITIALIZED_AUTOS = YES_AGGRESSIVE;
				GCC_WARN_UNUSED_FUNCTION = YES;
				GCC_WARN_UNUSED_VARIABLE = YES;
				IPHONEOS_DEPLOYMENT_TARGET = 12.4;
				MTL_ENABLE_DEBUG_INFO = INCLUDE_SOURCE;
				MTL_FAST_MATH = YES;
				ONLY_ACTIVE_ARCH = YES;
				SDKROOT = iphoneos;
			};
			name = Debug;
		};
		CD36498C233BD8970055E28F /* Release */ = {
			isa = XCBuildConfiguration;
			buildSettings = {
				ALWAYS_SEARCH_USER_PATHS = NO;
				CLANG_ANALYZER_NONNULL = YES;
				CLANG_ANALYZER_NUMBER_OBJECT_CONVERSION = YES_AGGRESSIVE;
				CLANG_CXX_LANGUAGE_STANDARD = "gnu++14";
				CLANG_CXX_LIBRARY = "libc++";
				CLANG_ENABLE_MODULES = YES;
				CLANG_ENABLE_OBJC_ARC = YES;
				CLANG_ENABLE_OBJC_WEAK = YES;
				CLANG_WARN_BLOCK_CAPTURE_AUTORELEASING = YES;
				CLANG_WARN_BOOL_CONVERSION = YES;
				CLANG_WARN_COMMA = YES;
				CLANG_WARN_CONSTANT_CONVERSION = YES;
				CLANG_WARN_DEPRECATED_OBJC_IMPLEMENTATIONS = YES;
				CLANG_WARN_DIRECT_OBJC_ISA_USAGE = YES_ERROR;
				CLANG_WARN_DOCUMENTATION_COMMENTS = YES;
				CLANG_WARN_EMPTY_BODY = YES;
				CLANG_WARN_ENUM_CONVERSION = YES;
				CLANG_WARN_INFINITE_RECURSION = YES;
				CLANG_WARN_INT_CONVERSION = YES;
				CLANG_WARN_NON_LITERAL_NULL_CONVERSION = YES;
				CLANG_WARN_OBJC_IMPLICIT_RETAIN_SELF = YES;
				CLANG_WARN_OBJC_LITERAL_CONVERSION = YES;
				CLANG_WARN_OBJC_ROOT_CLASS = YES_ERROR;
				CLANG_WARN_RANGE_LOOP_ANALYSIS = YES;
				CLANG_WARN_STRICT_PROTOTYPES = YES;
				CLANG_WARN_SUSPICIOUS_MOVE = YES;
				CLANG_WARN_UNGUARDED_AVAILABILITY = YES_AGGRESSIVE;
				CLANG_WARN_UNREACHABLE_CODE = YES;
				CLANG_WARN__DUPLICATE_METHOD_MATCH = YES;
				CODE_SIGN_IDENTITY = "iPhone Developer";
				COPY_PHASE_STRIP = NO;
				DEBUG_INFORMATION_FORMAT = "dwarf-with-dsym";
				ENABLE_NS_ASSERTIONS = NO;
				ENABLE_STRICT_OBJC_MSGSEND = YES;
				GCC_C_LANGUAGE_STANDARD = gnu11;
				GCC_NO_COMMON_BLOCKS = YES;
				GCC_WARN_64_TO_32_BIT_CONVERSION = YES;
				GCC_WARN_ABOUT_RETURN_TYPE = YES_ERROR;
				GCC_WARN_UNDECLARED_SELECTOR = YES;
				GCC_WARN_UNINITIALIZED_AUTOS = YES_AGGRESSIVE;
				GCC_WARN_UNUSED_FUNCTION = YES;
				GCC_WARN_UNUSED_VARIABLE = YES;
				IPHONEOS_DEPLOYMENT_TARGET = 12.4;
				MTL_ENABLE_DEBUG_INFO = NO;
				MTL_FAST_MATH = YES;
				SDKROOT = iphoneos;
				VALIDATE_PRODUCT = YES;
			};
			name = Release;
		};
		CD36498E233BD8970055E28F /* Debug */ = {
			isa = XCBuildConfiguration;
			baseConfigurationReference = ED76F03E134924AE7F9F4793 /* Pods-SomeBankModules.debug.xcconfig */;
			buildSettings = {
				ASSETCATALOG_COMPILER_APPICON_NAME = AppIcon;
				CODE_SIGN_STYLE = Automatic;
				INFOPLIST_FILE = SomeBankModules/Info.plist;
				LD_RUNPATH_SEARCH_PATHS = (
					"$(inherited)",
					"@executable_path/Frameworks",
				);
				PRODUCT_BUNDLE_IDENTIFIER = com.userow.SomeBankModules;
				PRODUCT_NAME = "$(TARGET_NAME)";
				SWIFT_VERSION = 5.0;
				TARGETED_DEVICE_FAMILY = "1,2";
			};
			name = Debug;
		};
		CD36498F233BD8970055E28F /* Release */ = {
			isa = XCBuildConfiguration;
			baseConfigurationReference = 0FB388372F53570CE63661A4 /* Pods-SomeBankModules.release.xcconfig */;
			buildSettings = {
				ASSETCATALOG_COMPILER_APPICON_NAME = AppIcon;
				CODE_SIGN_STYLE = Automatic;
				INFOPLIST_FILE = SomeBankModules/Info.plist;
				LD_RUNPATH_SEARCH_PATHS = (
					"$(inherited)",
					"@executable_path/Frameworks",
				);
				PRODUCT_BUNDLE_IDENTIFIER = com.userow.SomeBankModules;
				PRODUCT_NAME = "$(TARGET_NAME)";
				SWIFT_VERSION = 5.0;
				TARGETED_DEVICE_FAMILY = "1,2";
			};
			name = Release;
		};
/* End XCBuildConfiguration section */

/* Begin XCConfigurationList section */
		CD364975233BD8930055E28F /* Build configuration list for PBXProject "SomeBankModules" */ = {
			isa = XCConfigurationList;
			buildConfigurations = (
				CD36498B233BD8970055E28F /* Debug */,
				CD36498C233BD8970055E28F /* Release */,
			);
			defaultConfigurationIsVisible = 0;
			defaultConfigurationName = Release;
		};
		CD36498D233BD8970055E28F /* Build configuration list for PBXNativeTarget "SomeBankModules" */ = {
			isa = XCConfigurationList;
			buildConfigurations = (
				CD36498E233BD8970055E28F /* Debug */,
				CD36498F233BD8970055E28F /* Release */,
			);
			defaultConfigurationIsVisible = 0;
			defaultConfigurationName = Release;
		};
/* End XCConfigurationList section */
	};
	rootObject = CD364972233BD8930055E28F /* Project object */;
}
